
Microsoft Visual Studio Solution File, Format Version 12.00
# Visual Studio 14
VisualStudioVersion = 14.0.25420.1
MinimumVisualStudioVersion = 10.0.40219.1
Project("{FAE04EC0-301F-11D3-BF4B-00C04F79EFBC}") = "ProgramView", "ProgramView.csproj", "{162331F3-27A7-4144-B872-6F51189F433B}"
EndProject
Project("{FAE04EC0-301F-11D3-BF4B-00C04F79EFBC}") = "UnitTests", "..\UnitTests\UnitTests.csproj", "{49786CB6-0A86-464C-A5FC-C2D99B5F8A2D}"
EndProject
Project("{FAE04EC0-301F-11D3-BF4B-00C04F79EFBC}") = "TestsGeneratorLibrary", "..\TestsGeneratorLibrary\TestsGeneratorLibrary.csproj", "{941A1278-40EC-4406-89D8-24F526B7657C}"
EndProject
Global
	GlobalSection(SolutionConfigurationPlatforms) = preSolution
		Debug|Any CPU = Debug|Any CPU
		Release|Any CPU = Release|Any CPU
	EndGlobalSection
	GlobalSection(ProjectConfigurationPlatforms) = postSolution
		{162331F3-27A7-4144-B872-6F51189F433B}.Debug|Any CPU.ActiveCfg = Debug|Any CPU
		{162331F3-27A7-4144-B872-6F51189F433B}.Debug|Any CPU.Build.0 = Debug|Any CPU
		{162331F3-27A7-4144-B872-6F51189F433B}.Release|Any CPU.ActiveCfg = Release|Any CPU
		{162331F3-27A7-4144-B872-6F51189F433B}.Release|Any CPU.Build.0 = Release|Any CPU
		{49786CB6-0A86-464C-A5FC-C2D99B5F8A2D}.Debug|Any CPU.ActiveCfg = Debug|Any CPU
		{49786CB6-0A86-464C-A5FC-C2D99B5F8A2D}.Debug|Any CPU.Build.0 = Debug|Any CPU
		{49786CB6-0A86-464C-A5FC-C2D99B5F8A2D}.Release|Any CPU.ActiveCfg = Release|Any CPU
		{49786CB6-0A86-464C-A5FC-C2D99B5F8A2D}.Release|Any CPU.Build.0 = Release|Any CPU
		{941A1278-40EC-4406-89D8-24F526B7657C}.Debug|Any CPU.ActiveCfg = Debug|Any CPU
		{941A1278-40EC-4406-89D8-24F526B7657C}.Debug|Any CPU.Build.0 = Debug|Any CPU
		{941A1278-40EC-4406-89D8-24F526B7657C}.Release|Any CPU.ActiveCfg = Release|Any CPU
		{941A1278-40EC-4406-89D8-24F526B7657C}.Release|Any CPU.Build.0 = Release|Any CPU
	EndGlobalSection
	GlobalSection(SolutionProperties) = preSolution
		HideSolutionNode = FALSE
	EndGlobalSection
EndGlobal
